// !$*UTF8*$!
{
	archiveVersion = 1;
	classes = {
	};
	objectVersion = 46;
	objects = {

/* Begin PBXBuildFile section */
		59B20218290A55E8D9B639FB /* Pods_PregAssignment.framework in Frameworks */ = {isa = PBXBuildFile; fileRef = B9AE2C180D5442AF1C3C693F /* Pods_PregAssignment.framework */; };
		FC3B59E02053B6BA00EFF2C2 /* AppDelegate.swift in Sources */ = {isa = PBXBuildFile; fileRef = FC3B59DF2053B6BA00EFF2C2 /* AppDelegate.swift */; };
		FC3B59E52053B6BA00EFF2C2 /* Main.storyboard in Resources */ = {isa = PBXBuildFile; fileRef = FC3B59E32053B6BA00EFF2C2 /* Main.storyboard */; };
		FC3B59E82053B6BA00EFF2C2 /* PregAssignment.xcdatamodeld in Sources */ = {isa = PBXBuildFile; fileRef = FC3B59E62053B6BA00EFF2C2 /* PregAssignment.xcdatamodeld */; };
		FC3B59EA2053B6BA00EFF2C2 /* Assets.xcassets in Resources */ = {isa = PBXBuildFile; fileRef = FC3B59E92053B6BA00EFF2C2 /* Assets.xcassets */; };
		FC3B59ED2053B6BA00EFF2C2 /* LaunchScreen.storyboard in Resources */ = {isa = PBXBuildFile; fileRef = FC3B59EB2053B6BA00EFF2C2 /* LaunchScreen.storyboard */; };
		FC3B59F82053B8DF00EFF2C2 /* HomeViewController.swift in Sources */ = {isa = PBXBuildFile; fileRef = FC3B59F72053B8DF00EFF2C2 /* HomeViewController.swift */; };
		FC3B59FA2053B8FB00EFF2C2 /* BookmarkViewController.swift in Sources */ = {isa = PBXBuildFile; fileRef = FC3B59F92053B8FB00EFF2C2 /* BookmarkViewController.swift */; };
		FC3B59FC2053BBBD00EFF2C2 /* TweetModel.swift in Sources */ = {isa = PBXBuildFile; fileRef = FC3B59FB2053BBBD00EFF2C2 /* TweetModel.swift */; };
		FC3B5A052053E7BC00EFF2C2 /* SingletonClass.swift in Sources */ = {isa = PBXBuildFile; fileRef = FC3B5A042053E7BC00EFF2C2 /* SingletonClass.swift */; };
		FC3B5A072053E80500EFF2C2 /* TweetViewCell.swift in Sources */ = {isa = PBXBuildFile; fileRef = FC3B5A062053E80500EFF2C2 /* TweetViewCell.swift */; };
		FC3B5A092053EFC400EFF2C2 /* Extensions.swift in Sources */ = {isa = PBXBuildFile; fileRef = FC3B5A082053EFC400EFF2C2 /* Extensions.swift */; };
		FC7FD81A205407D90023195A /* Constant.swift in Sources */ = {isa = PBXBuildFile; fileRef = FC7FD819205407D90023195A /* Constant.swift */; };
		FC7FD81C205422090023195A /* UserDefault.swift in Sources */ = {isa = PBXBuildFile; fileRef = FC7FD81B205422090023195A /* UserDefault.swift */; };
		FC7FD81E205468A30023195A /* CustomAlertView.swift in Sources */ = {isa = PBXBuildFile; fileRef = FC7FD81D205468A30023195A /* CustomAlertView.swift */; };
/* End PBXBuildFile section */

/* Begin PBXFileReference section */
		6416211DBFE52D3C71B8F120 /* Pods-PregAssignment.debug.xcconfig */ = {isa = PBXFileReference; includeInIndex = 1; lastKnownFileType = text.xcconfig; name = "Pods-PregAssignment.debug.xcconfig"; path = "Pods/Target Support Files/Pods-PregAssignment/Pods-PregAssignment.debug.xcconfig"; sourceTree = "<group>"; };
		7D1094FEB90DA9BD11DE2242 /* Pods-PregAssignment.release.xcconfig */ = {isa = PBXFileReference; includeInIndex = 1; lastKnownFileType = text.xcconfig; name = "Pods-PregAssignment.release.xcconfig"; path = "Pods/Target Support Files/Pods-PregAssignment/Pods-PregAssignment.release.xcconfig"; sourceTree = "<group>"; };
		B9AE2C180D5442AF1C3C693F /* Pods_PregAssignment.framework */ = {isa = PBXFileReference; explicitFileType = wrapper.framework; includeInIndex = 0; path = Pods_PregAssignment.framework; sourceTree = BUILT_PRODUCTS_DIR; };
		FC3B59DC2053B6BA00EFF2C2 /* PregAssignment.app */ = {isa = PBXFileReference; explicitFileType = wrapper.application; includeInIndex = 0; path = PregAssignment.app; sourceTree = BUILT_PRODUCTS_DIR; };
		FC3B59DF2053B6BA00EFF2C2 /* AppDelegate.swift */ = {isa = PBXFileReference; lastKnownFileType = sourcecode.swift; path = AppDelegate.swift; sourceTree = "<group>"; };
		FC3B59E42053B6BA00EFF2C2 /* Base */ = {isa = PBXFileReference; lastKnownFileType = file.storyboard; name = Base; path = Base.lproj/Main.storyboard; sourceTree = "<group>"; };
		FC3B59E72053B6BA00EFF2C2 /* PregAssignment.xcdatamodel */ = {isa = PBXFileReference; lastKnownFileType = wrapper.xcdatamodel; path = PregAssignment.xcdatamodel; sourceTree = "<group>"; };
		FC3B59E92053B6BA00EFF2C2 /* Assets.xcassets */ = {isa = PBXFileReference; lastKnownFileType = folder.assetcatalog; path = Assets.xcassets; sourceTree = "<group>"; };
		FC3B59EC2053B6BA00EFF2C2 /* Base */ = {isa = PBXFileReference; lastKnownFileType = file.storyboard; name = Base; path = Base.lproj/LaunchScreen.storyboard; sourceTree = "<group>"; };
		FC3B59EE2053B6BA00EFF2C2 /* Info.plist */ = {isa = PBXFileReference; lastKnownFileType = text.plist.xml; path = Info.plist; sourceTree = "<group>"; };
		FC3B59F72053B8DF00EFF2C2 /* HomeViewController.swift */ = {isa = PBXFileReference; fileEncoding = 4; lastKnownFileType = sourcecode.swift; path = HomeViewController.swift; sourceTree = "<group>"; };
		FC3B59F92053B8FB00EFF2C2 /* BookmarkViewController.swift */ = {isa = PBXFileReference; fileEncoding = 4; lastKnownFileType = sourcecode.swift; path = BookmarkViewController.swift; sourceTree = "<group>"; };
		FC3B59FB2053BBBD00EFF2C2 /* TweetModel.swift */ = {isa = PBXFileReference; fileEncoding = 4; lastKnownFileType = sourcecode.swift; path = TweetModel.swift; sourceTree = "<group>"; };
		FC3B5A042053E7BC00EFF2C2 /* SingletonClass.swift */ = {isa = PBXFileReference; fileEncoding = 4; lastKnownFileType = sourcecode.swift; path = SingletonClass.swift; sourceTree = "<group>"; };
		FC3B5A062053E80500EFF2C2 /* TweetViewCell.swift */ = {isa = PBXFileReference; fileEncoding = 4; lastKnownFileType = sourcecode.swift; path = TweetViewCell.swift; sourceTree = "<group>"; };
		FC3B5A082053EFC400EFF2C2 /* Extensions.swift */ = {isa = PBXFileReference; fileEncoding = 4; lastKnownFileType = sourcecode.swift; path = Extensions.swift; sourceTree = "<group>"; };
		FC7FD819205407D90023195A /* Constant.swift */ = {isa = PBXFileReference; fileEncoding = 4; lastKnownFileType = sourcecode.swift; path = Constant.swift; sourceTree = "<group>"; };
		FC7FD81B205422090023195A /* UserDefault.swift */ = {isa = PBXFileReference; fileEncoding = 4; lastKnownFileType = sourcecode.swift; path = UserDefault.swift; sourceTree = "<group>"; };
		FC7FD81D205468A30023195A /* CustomAlertView.swift */ = {isa = PBXFileReference; fileEncoding = 4; lastKnownFileType = sourcecode.swift; path = CustomAlertView.swift; sourceTree = "<group>"; };
/* End PBXFileReference section */

/* Begin PBXFrameworksBuildPhase section */
		FC3B59D92053B6BA00EFF2C2 /* Frameworks */ = {
			isa = PBXFrameworksBuildPhase;
			buildActionMask = 2147483647;
			files = (
				59B20218290A55E8D9B639FB /* Pods_PregAssignment.framework in Frameworks */,
			);
			runOnlyForDeploymentPostprocessing = 0;
		};
/* End PBXFrameworksBuildPhase section */

/* Begin PBXGroup section */
		039F47193FD6BCE73013C4C3 /* Frameworks */ = {
			isa = PBXGroup;
			children = (
				B9AE2C180D5442AF1C3C693F /* Pods_PregAssignment.framework */,
			);
			name = Frameworks;
			sourceTree = "<group>";
		};
		20D9DF83FC550DD7134EF216 /* Pods */ = {
			isa = PBXGroup;
			children = (
				6416211DBFE52D3C71B8F120 /* Pods-PregAssignment.debug.xcconfig */,
				7D1094FEB90DA9BD11DE2242 /* Pods-PregAssignment.release.xcconfig */,
			);
			name = Pods;
			sourceTree = "<group>";
		};
		FC3B59D32053B6BA00EFF2C2 = {
			isa = PBXGroup;
			children = (
				FC3B59DE2053B6BA00EFF2C2 /* PregAssignment */,
				FC3B59DD2053B6BA00EFF2C2 /* Products */,
				20D9DF83FC550DD7134EF216 /* Pods */,
				039F47193FD6BCE73013C4C3 /* Frameworks */,
			);
			sourceTree = "<group>";
		};
		FC3B59DD2053B6BA00EFF2C2 /* Products */ = {
			isa = PBXGroup;
			children = (
				FC3B59DC2053B6BA00EFF2C2 /* PregAssignment.app */,
			);
			name = Products;
			sourceTree = "<group>";
		};
		FC3B59DE2053B6BA00EFF2C2 /* PregAssignment */ = {
			isa = PBXGroup;
			children = (
				FC3B59DF2053B6BA00EFF2C2 /* AppDelegate.swift */,
				FC3B59FF2053C9AE00EFF2C2 /* Helper */,
				FC3B59F52053B89600EFF2C2 /* Model */,
				FC3B59F62053B8AB00EFF2C2 /* View */,
				FC3B59F42053B89600EFF2C2 /* Controllers */,
				FC3B59E92053B6BA00EFF2C2 /* Assets.xcassets */,
				FC3B59EB2053B6BA00EFF2C2 /* LaunchScreen.storyboard */,
				FC3B59EE2053B6BA00EFF2C2 /* Info.plist */,
				FC3B59E62053B6BA00EFF2C2 /* PregAssignment.xcdatamodeld */,
			);
			path = PregAssignment;
			sourceTree = "<group>";
		};
		FC3B59F42053B89600EFF2C2 /* Controllers */ = {
			isa = PBXGroup;
			children = (
				FC3B59F72053B8DF00EFF2C2 /* HomeViewController.swift */,
				FC3B5A062053E80500EFF2C2 /* TweetViewCell.swift */,
				FC3B59F92053B8FB00EFF2C2 /* BookmarkViewController.swift */,
			);
			path = Controllers;
			sourceTree = "<group>";
		};
		FC3B59F52053B89600EFF2C2 /* Model */ = {
			isa = PBXGroup;
			children = (
				FC3B59FB2053BBBD00EFF2C2 /* TweetModel.swift */,
				FC7FD819205407D90023195A /* Constant.swift */,
			);
			path = Model;
			sourceTree = "<group>";
		};
		FC3B59F62053B8AB00EFF2C2 /* View */ = {
			isa = PBXGroup;
			children = (
				FC3B59E32053B6BA00EFF2C2 /* Main.storyboard */,
			);
			name = View;
			sourceTree = "<group>";
		};
		FC3B59FF2053C9AE00EFF2C2 /* Helper */ = {
			isa = PBXGroup;
			children = (
				FC3B5A042053E7BC00EFF2C2 /* SingletonClass.swift */,
				FC3B5A082053EFC400EFF2C2 /* Extensions.swift */,
				FC7FD81B205422090023195A /* UserDefault.swift */,
				FC7FD81D205468A30023195A /* CustomAlertView.swift */,
			);
			path = Helper;
			sourceTree = "<group>";
		};
/* End PBXGroup section */

/* Begin PBXNativeTarget section */
		FC3B59DB2053B6BA00EFF2C2 /* PregAssignment */ = {
			isa = PBXNativeTarget;
			buildConfigurationList = FC3B59F12053B6BA00EFF2C2 /* Build configuration list for PBXNativeTarget "PregAssignment" */;
			buildPhases = (
				0829D3A334955CF71C8531BA /* [CP] Check Pods Manifest.lock */,
				FC3B59D82053B6BA00EFF2C2 /* Sources */,
				FC3B59D92053B6BA00EFF2C2 /* Frameworks */,
				FC3B59DA2053B6BA00EFF2C2 /* Resources */,
				619C2780A8DDB2F4C3601B17 /* [CP] Embed Pods Frameworks */,
				820B91253FFE74B62B46FFBA /* [CP] Copy Pods Resources */,
			);
			buildRules = (
			);
			dependencies = (
			);
			name = PregAssignment;
			productName = PregAssignment;
			productReference = FC3B59DC2053B6BA00EFF2C2 /* PregAssignment.app */;
			productType = "com.apple.product-type.application";
		};
/* End PBXNativeTarget section */

/* Begin PBXProject section */
		FC3B59D42053B6BA00EFF2C2 /* Project object */ = {
			isa = PBXProject;
			attributes = {
				LastSwiftUpdateCheck = 0820;
				LastUpgradeCheck = 0820;
				ORGANIZATIONNAME = "Ashwinkumar Mangrulkar";
				TargetAttributes = {
					FC3B59DB2053B6BA00EFF2C2 = {
						CreatedOnToolsVersion = 8.2.1;
						ProvisioningStyle = Automatic;
					};
				};
			};
			buildConfigurationList = FC3B59D72053B6BA00EFF2C2 /* Build configuration list for PBXProject "PregAssignment" */;
			compatibilityVersion = "Xcode 3.2";
			developmentRegion = English;
			hasScannedForEncodings = 0;
			knownRegions = (
				en,
				Base,
			);
			mainGroup = FC3B59D32053B6BA00EFF2C2;
			productRefGroup = FC3B59DD2053B6BA00EFF2C2 /* Products */;
			projectDirPath = "";
			projectRoot = "";
			targets = (
				FC3B59DB2053B6BA00EFF2C2 /* PregAssignment */,
			);
		};
/* End PBXProject section */

/* Begin PBXResourcesBuildPhase section */
		FC3B59DA2053B6BA00EFF2C2 /* Resources */ = {
			isa = PBXResourcesBuildPhase;
			buildActionMask = 2147483647;
			files = (
				FC3B59ED2053B6BA00EFF2C2 /* LaunchScreen.storyboard in Resources */,
				FC3B59EA2053B6BA00EFF2C2 /* Assets.xcassets in Resources */,
				FC3B59E52053B6BA00EFF2C2 /* Main.storyboard in Resources */,
			);
			runOnlyForDeploymentPostprocessing = 0;
		};
/* End PBXResourcesBuildPhase section */

/* Begin PBXShellScriptBuildPhase section */
		0829D3A334955CF71C8531BA /* [CP] Check Pods Manifest.lock */ = {
			isa = PBXShellScriptBuildPhase;
			buildActionMask = 2147483647;
			files = (
			);
			inputPaths = (
				"${PODS_PODFILE_DIR_PATH}/Podfile.lock",
				"${PODS_ROOT}/Manifest.lock",
			);
			name = "[CP] Check Pods Manifest.lock";
			outputPaths = (
				"$(DERIVED_FILE_DIR)/Pods-PregAssignment-checkManifestLockResult.txt",
			);
			runOnlyForDeploymentPostprocessing = 0;
			shellPath = /bin/sh;
			shellScript = "diff \"${PODS_PODFILE_DIR_PATH}/Podfile.lock\" \"${PODS_ROOT}/Manifest.lock\" > /dev/null\nif [ $? != 0 ] ; then\n    # print error to STDERR\n    echo \"error: The sandbox is not in sync with the Podfile.lock. Run 'pod install' or update your CocoaPods installation.\" >&2\n    exit 1\nfi\n# This output is used by Xcode 'outputs' to avoid re-running this script phase.\necho \"SUCCESS\" > \"${SCRIPT_OUTPUT_FILE_0}\"\n";
			showEnvVarsInLog = 0;
		};
		619C2780A8DDB2F4C3601B17 /* [CP] Embed Pods Frameworks */ = {
			isa = PBXShellScriptBuildPhase;
			buildActionMask = 2147483647;
			files = (
			);
			inputPaths = (
				"${SRCROOT}/Pods/Target Support Files/Pods-PregAssignment/Pods-PregAssignment-frameworks.sh",
				"${BUILT_PRODUCTS_DIR}/SVProgressHUD/SVProgressHUD.framework",
			);
			name = "[CP] Embed Pods Frameworks";
			outputPaths = (
				"${TARGET_BUILD_DIR}/${FRAMEWORKS_FOLDER_PATH}/SVProgressHUD.framework",
			);
			runOnlyForDeploymentPostprocessing = 0;
			shellPath = /bin/sh;
			shellScript = "\"${SRCROOT}/Pods/Target Support Files/Pods-PregAssignment/Pods-PregAssignment-frameworks.sh\"\n";
			showEnvVarsInLog = 0;
		};
		820B91253FFE74B62B46FFBA /* [CP] Copy Pods Resources */ = {
			isa = PBXShellScriptBuildPhase;
			buildActionMask = 2147483647;
			files = (
			);
			inputPaths = (
				"${SRCROOT}/Pods/Target Support Files/Pods-PregAssignment/Pods-PregAssignment-resources.sh",
				"${PODS_ROOT}/TwitterKit/iOS/TwitterKit.framework/Versions/A/Resources/TwitterKitResources.bundle",
			);
			name = "[CP] Copy Pods Resources";
			outputPaths = (
				"${TARGET_BUILD_DIR}/${UNLOCALIZED_RESOURCES_FOLDER_PATH}/TwitterKitResources.bundle",
			);
			runOnlyForDeploymentPostprocessing = 0;
			shellPath = /bin/sh;
			shellScript = "\"${SRCROOT}/Pods/Target Support Files/Pods-PregAssignment/Pods-PregAssignment-resources.sh\"\n";
			showEnvVarsInLog = 0;
		};
/* End PBXShellScriptBuildPhase section */

/* Begin PBXSourcesBuildPhase section */
		FC3B59D82053B6BA00EFF2C2 /* Sources */ = {
			isa = PBXSourcesBuildPhase;
			buildActionMask = 2147483647;
			files = (
				FC3B59E82053B6BA00EFF2C2 /* PregAssignment.xcdatamodeld in Sources */,
				FC3B5A052053E7BC00EFF2C2 /* SingletonClass.swift in Sources */,
				FC7FD81E205468A30023195A /* CustomAlertView.swift in Sources */,
				FC7FD81C205422090023195A /* UserDefault.swift in Sources */,
				FC7FD81A205407D90023195A /* Constant.swift in Sources */,
				FC3B59E02053B6BA00EFF2C2 /* AppDelegate.swift in Sources */,
				FC3B5A092053EFC400EFF2C2 /* Extensions.swift in Sources */,
				FC3B59FC2053BBBD00EFF2C2 /* TweetModel.swift in Sources */,
				FC3B59F82053B8DF00EFF2C2 /* HomeViewController.swift in Sources */,
				FC3B59FA2053B8FB00EFF2C2 /* BookmarkViewController.swift in Sources */,
				FC3B5A072053E80500EFF2C2 /* TweetViewCell.swift in Sources */,
			);
			runOnlyForDeploymentPostprocessing = 0;
		};
/* End PBXSourcesBuildPhase section */

/* Begin PBXVariantGroup section */
		FC3B59E32053B6BA00EFF2C2 /* Main.storyboard */ = {
			isa = PBXVariantGroup;
			children = (
				FC3B59E42053B6BA00EFF2C2 /* Base */,
			);
			name = Main.storyboard;
			sourceTree = "<group>";
		};
		FC3B59EB2053B6BA00EFF2C2 /* LaunchScreen.storyboard */ = {
			isa = PBXVariantGroup;
			children = (
				FC3B59EC2053B6BA00EFF2C2 /* Base */,
			);
			name = LaunchScreen.storyboard;
			sourceTree = "<group>";
		};
/* End PBXVariantGroup section */

/* Begin XCBuildConfiguration section */
		FC3B59EF2053B6BA00EFF2C2 /* Debug */ = {
			isa = XCBuildConfiguration;
			buildSettings = {
				ALWAYS_SEARCH_USER_PATHS = NO;
				CLANG_ANALYZER_NONNULL = YES;
				CLANG_CXX_LANGUAGE_STANDARD = "gnu++0x";
				CLANG_CXX_LIBRARY = "libc++";
				CLANG_ENABLE_MODULES = YES;
				CLANG_ENABLE_OBJC_ARC = YES;
				CLANG_WARN_BOOL_CONVERSION = YES;
				CLANG_WARN_CONSTANT_CONVERSION = YES;
				CLANG_WARN_DIRECT_OBJC_ISA_USAGE = YES_ERROR;
				CLANG_WARN_DOCUMENTATION_COMMENTS = YES;
				CLANG_WARN_EMPTY_BODY = YES;
				CLANG_WARN_ENUM_CONVERSION = YES;
				CLANG_WARN_INFINITE_RECURSION = YES;
				CLANG_WARN_INT_CONVERSION = YES;
				CLANG_WARN_OBJC_ROOT_CLASS = YES_ERROR;
				CLANG_WARN_SUSPICIOUS_MOVE = YES;
				CLANG_WARN_UNREACHABLE_CODE = YES;
				CLANG_WARN__DUPLICATE_METHOD_MATCH = YES;
				"CODE_SIGN_IDENTITY[sdk=iphoneos*]" = "iPhone Developer";
				COPY_PHASE_STRIP = NO;
				DEBUG_INFORMATION_FORMAT = dwarf;
				ENABLE_STRICT_OBJC_MSGSEND = YES;
				ENABLE_TESTABILITY = YES;
				GCC_C_LANGUAGE_STANDARD = gnu99;
				GCC_DYNAMIC_NO_PIC = NO;
				GCC_NO_COMMON_BLOCKS = YES;
				GCC_OPTIMIZATION_LEVEL = 0;
				GCC_PREPROCESSOR_DEFINITIONS = (
					"DEBUG=1",
					"$(inherited)",
				);
				GCC_WARN_64_TO_32_BIT_CONVERSION = YES;
				GCC_WARN_ABOUT_RETURN_TYPE = YES_ERROR;
				GCC_WARN_UNDECLARED_SELECTOR = YES;
				GCC_WARN_UNINITIALIZED_AUTOS = YES_AGGRESSIVE;
				GCC_WARN_UNUSED_FUNCTION = YES;
				GCC_WARN_UNUSED_VARIABLE = YES;
				IPHONEOS_DEPLOYMENT_TARGET = 10.2;
				MTL_ENABLE_DEBUG_INFO = YES;
				ONLY_ACTIVE_ARCH = YES;
				SDKROOT = iphoneos;
				SWIFT_ACTIVE_COMPILATION_CONDITIONS = DEBUG;
				SWIFT_OPTIMIZATION_LEVEL = "-Onone";
				TARGETED_DEVICE_FAMILY = "1,2";
			};
			name = Debug;
		};
		FC3B59F02053B6BA00EFF2C2 /* Release */ = {
			isa = XCBuildConfiguration;
			buildSettings = {
				ALWAYS_SEARCH_USER_PATHS = NO;
				CLANG_ANALYZER_NONNULL = YES;
				CLANG_CXX_LANGUAGE_STANDARD = "gnu++0x";
				CLANG_CXX_LIBRARY = "libc++";
				CLANG_ENABLE_MODULES = YES;
				CLANG_ENABLE_OBJC_ARC = YES;
				CLANG_WARN_BOOL_CONVERSION = YES;
				CLANG_WARN_CONSTANT_CONVERSION = YES;
				CLANG_WARN_DIRECT_OBJC_ISA_USAGE = YES_ERROR;
				CLANG_WARN_DOCUMENTATION_COMMENTS = YES;
				CLANG_WARN_EMPTY_BODY = YES;
				CLANG_WARN_ENUM_CONVERSION = YES;
				CLANG_WARN_INFINITE_RECURSION = YES;
				CLANG_WARN_INT_CONVERSION = YES;
				CLANG_WARN_OBJC_ROOT_CLASS = YES_ERROR;
				CLANG_WARN_SUSPICIOUS_MOVE = YES;
				CLANG_WARN_UNREACHABLE_CODE = YES;
				CLANG_WARN__DUPLICATE_METHOD_MATCH = YES;
				"CODE_SIGN_IDENTITY[sdk=iphoneos*]" = "iPhone Developer";
				COPY_PHASE_STRIP = NO;
				DEBUG_INFORMATION_FORMAT = "dwarf-with-dsym";
				ENABLE_NS_ASSERTIONS = NO;
				ENABLE_STRICT_OBJC_MSGSEND = YES;
				GCC_C_LANGUAGE_STANDARD = gnu99;
				GCC_NO_COMMON_BLOCKS = YES;
				GCC_WARN_64_TO_32_BIT_CONVERSION = YES;
				GCC_WARN_ABOUT_RETURN_TYPE = YES_ERROR;
				GCC_WARN_UNDECLARED_SELECTOR = YES;
				GCC_WARN_UNINITIALIZED_AUTOS = YES_AGGRESSIVE;
				GCC_WARN_UNUSED_FUNCTION = YES;
				GCC_WARN_UNUSED_VARIABLE = YES;
				IPHONEOS_DEPLOYMENT_TARGET = 10.2;
				MTL_ENABLE_DEBUG_INFO = NO;
				SDKROOT = iphoneos;
				SWIFT_OPTIMIZATION_LEVEL = "-Owholemodule";
				TARGETED_DEVICE_FAMILY = "1,2";
				VALIDATE_PRODUCT = YES;
			};
			name = Release;
		};
		FC3B59F22053B6BA00EFF2C2 /* Debug */ = {
			isa = XCBuildConfiguration;
			baseConfigurationReference = 6416211DBFE52D3C71B8F120 /* Pods-PregAssignment.debug.xcconfig */;
			buildSettings = {
				ASSETCATALOG_COMPILER_APPICON_NAME = AppIcon;
				INFOPLIST_FILE = PregAssignment/Info.plist;
				IPHONEOS_DEPLOYMENT_TARGET = 10.0;
				LD_RUNPATH_SEARCH_PATHS = "$(inherited) @executable_path/Frameworks";
				PRODUCT_BUNDLE_IDENTIFIER = Freelancer.PregAssignment;
				PRODUCT_NAME = "$(TARGET_NAME)";
				SWIFT_VERSION = 3.0;
			};
			name = Debug;
		};
		FC3B59F32053B6BA00EFF2C2 /* Release */ = {
			isa = XCBuildConfiguration;
			baseConfigurationReference = 7D1094FEB90DA9BD11DE2242 /* Pods-PregAssignment.release.xcconfig */;
			buildSettings = {
				ASSETCATALOG_COMPILER_APPICON_NAME = AppIcon;
				INFOPLIST_FILE = PregAssignment/Info.plist;
				IPHONEOS_DEPLOYMENT_TARGET = 10.0;
				LD_RUNPATH_SEARCH_PATHS = "$(inherited) @executable_path/Frameworks";
				PRODUCT_BUNDLE_IDENTIFIER = Freelancer.PregAssignment;
				PRODUCT_NAME = "$(TARGET_NAME)";
				SWIFT_VERSION = 3.0;
			};
			name = Release;
		};
/* End XCBuildConfiguration section */

/* Begin XCConfigurationList section */
		FC3B59D72053B6BA00EFF2C2 /* Build configuration list for PBXProject "PregAssignment" */ = {
			isa = XCConfigurationList;
			buildConfigurations = (
				FC3B59EF2053B6BA00EFF2C2 /* Debug */,
				FC3B59F02053B6BA00EFF2C2 /* Release */,
			);
			defaultConfigurationIsVisible = 0;
			defaultConfigurationName = Release;
		};
		FC3B59F12053B6BA00EFF2C2 /* Build configuration list for PBXNativeTarget "PregAssignment" */ = {
			isa = XCConfigurationList;
			buildConfigurations = (
				FC3B59F22053B6BA00EFF2C2 /* Debug */,
				FC3B59F32053B6BA00EFF2C2 /* Release */,
			);
			defaultConfigurationIsVisible = 0;
			defaultConfigurationName = Release;
		};
/* End XCConfigurationList section */

/* Begin XCVersionGroup section */
		FC3B59E62053B6BA00EFF2C2 /* PregAssignment.xcdatamodeld */ = {
			isa = XCVersionGroup;
			children = (
				FC3B59E72053B6BA00EFF2C2 /* PregAssignment.xcdatamodel */,
			);
			currentVersion = FC3B59E72053B6BA00EFF2C2 /* PregAssignment.xcdatamodel */;
			path = PregAssignment.xcdatamodeld;
			sourceTree = "<group>";
			versionGroupType = wrapper.xcdatamodel;
		};
/* End XCVersionGroup section */
	};
	rootObject = FC3B59D42053B6BA00EFF2C2 /* Project object */;
}
